
Microsoft Visual Studio Solution File, Format Version 12.00
# Visual Studio Version 17
VisualStudioVersion = 17.7.34202.233
MinimumVisualStudioVersion = 10.0.40219.1
Project("{FAE04EC0-301F-11D3-BF4B-00C04F79EFBC}") = "Test_1", "Test_1.csproj", "{F165789C-0996-43AD-A9FD-27AD2403B2D4}"
EndProject
Global
	GlobalSection(SolutionConfigurationPlatforms) = preSolution
		Debug|Any CPU = Debug|Any CPU
		Release|Any CPU = Release|Any CPU
	EndGlobalSection
	GlobalSection(ProjectConfigurationPlatforms) = postSolution
		{F165789C-0996-43AD-A9FD-27AD2403B2D4}.Debug|Any CPU.ActiveCfg = Debug|Any CPU
		{F165789C-0996-43AD-A9FD-27AD2403B2D4}.Debug|Any CPU.Build.0 = Debug|Any CPU
		{F165789C-0996-43AD-A9FD-27AD2403B2D4}.Release|Any CPU.ActiveCfg = Release|Any CPU
		{F165789C-0996-43AD-A9FD-27AD2403B2D4}.Release|Any CPU.Build.0 = Release|Any CPU
	EndGlobalSection
	GlobalSection(SolutionProperties) = preSolution
		HideSolutionNode = FALSE
	EndGlobalSection
	GlobalSection(ExtensibilityGlobals) = postSolution
		SolutionGuid = {3BA8F6D4-4157-49AA-8240-0203ACDBDA68}
	EndGlobalSection
EndGlobal
